
Microsoft Visual Studio Solution File, Format Version 12.00
# Visual Studio 15
VisualStudioVersion = 15.0.27004.2002
MinimumVisualStudioVersion = 10.0.40219.1
Project("{FAE04EC0-301F-11D3-BF4B-00C04F79EFBC}") = "WPF-project-git", "WPF-project-git.csproj", "{62FD9B2E-8C81-4F05-AA1D-D38E408FA9D3}"
EndProject
Global
	GlobalSection(SolutionConfigurationPlatforms) = preSolution
		Debug|Any CPU = Debug|Any CPU
		Release|Any CPU = Release|Any CPU
	EndGlobalSection
	GlobalSection(ProjectConfigurationPlatforms) = postSolution
		{62FD9B2E-8C81-4F05-AA1D-D38E408FA9D3}.Debug|Any CPU.ActiveCfg = Debug|Any CPU
		{62FD9B2E-8C81-4F05-AA1D-D38E408FA9D3}.Debug|Any CPU.Build.0 = Debug|Any CPU
		{62FD9B2E-8C81-4F05-AA1D-D38E408FA9D3}.Release|Any CPU.ActiveCfg = Release|Any CPU
		{62FD9B2E-8C81-4F05-AA1D-D38E408FA9D3}.Release|Any CPU.Build.0 = Release|Any CPU
	EndGlobalSection
	GlobalSection(SolutionProperties) = preSolution
		HideSolutionNode = FALSE
	EndGlobalSection
	GlobalSection(ExtensibilityGlobals) = postSolution
		SolutionGuid = {99924E67-63B9-45BC-8956-4CC13F1D70E9}
	EndGlobalSection
EndGlobal
